github.com/go-analyze/bulk v0.1.5 h1:Zj8w3gEOhEnp8aRZ7DHMDqaG3/Bp7CvQ7pu6Mw9YhFc=
github.com/go-analyze/bulk v0.1.5/go.mod h1:afon/KtFJYnekIyN20H/+XUvcLFjE8sKR1CfpqfClgM=
github.com/go-analyze/encoding v0.1.2 h1:tNutULkISzrkWUzUzUtBegj2tzNRLsYQfi9hA+DhY28=
github.com/go-analyze/encoding v0.1.2/go.mod h1:g1kbn86ZW1nn2Z+cQDC0pDlnXcglAfCKscjSI4jXXls=
github.com/stretchr/testify v1.12.0 h1:K6Mr6jO9JICuend/5xzTM03ydSV3vdNRYAdPSukj8uI=
github.com/stretchr/testify v1.12.0/go.mod h1:bOYBZb5qJ00vPzWfIqBUZPaxK8jWiXc6d3ErP4Ca9Gw=
gopkg.in/check.v1 v0.0.0-20161208181325-20d25e280405 h1:yhCVgyC4o1eVCa2tZl7eS0r+SDo693bJlVdllGtEeKM=
gopkg.in/check.v1 v0.0.0-20161208181325-20d25e280405/go.mod h1:Co6ibVJAznAaIkqp8huTwlJQCZ016jof/cbN4VW5Yz0=
gopkg.in/yaml.v3 v3.0.1 h1:fxVm/GzAzEWqLHuvctI91KS9hhNmmWOoWu0XTYJS7CA=
gopkg.in/yaml.v3 v3.0.1/go.mod h1:K4uyk7z7BCEPqu6E+C64Yfv1cQ7kz7rIZviUmN+EgEM=
