github.com/go-analyze/bulk v0.1.5 h1:Zj8w3gEOhEnp8aRZ7DHMDqaG3/Bp7CvQ7pu6Mw9YhFc=
github.com/go-analyze/bulk v0.1.5/go.mod h1:afon/KtFJYnekIyN20H/+XUvcLFjE8sKR1CfpqfClgM=
github.com/go-analyze/encoding v0.1.2 h1:tNutULkISzrkWUzUzUtBegj2tzNRLsYQfi9hA+DhY28=
github.com/go-analyze/encoding v0.1.2/go.mod h1:g1kbn86ZW1nn2Z+cQDC0pDlnXcglAfCKscjSI4jXXls=
github.com/stretchr/testify v1.12.1 h1:EuwCh5fleGS7H32xRwO3wRGT7DxrDhLAT6FF8MpWDWE=
github.com/stretchr/testify v1.12.1/go.mod h1:MDEgiDPPsNp5cuIrHPPCyornHKgEVbtFUmoNlxoYthg=
go.yaml.in/yaml/v3 v3.0.5 h1:N6y/pJk8buWs9NY5ERU2HSMfm+IuD/OtfdAnq6kESPw=
go.yaml.in/yaml/v3 v3.0.5/go.mod h1:HVTZu1O7/Vkt2N+BFy8Zza+lnLsABggaTM2ZpNIGuKg=
